
Microsoft Visual Studio Solution File, Format Version 12.00
# Visual Studio Version 16
VisualStudioVersion = 16.0.30413.136
MinimumVisualStudioVersion = 10.0.40219.1
Project("{FAE04EC0-301F-11D3-BF4B-00C04F79EFBC}") = "GUM.DAL", "GUM.DAL\GUM.DAL.csproj", "{263574B2-F2D2-4FF6-A9B1-774D0F70867D}"
EndProject
Project("{FAE04EC0-301F-11D3-BF4B-00C04F79EFBC}") = "GUM.DataModels", "GUM.DataModels\GUM.DataModels.csproj", "{DDDC2342-C102-4676-B840-9FD2120ED910}"
EndProject
Project("{FAE04EC0-301F-11D3-BF4B-00C04F79EFBC}") = "GUM.WebApi", "GUM.WebApi\GUM.WebApi.csproj", "{D2C320C6-BA48-4AB3-9EFF-61465D53B9C1}"
EndProject
Project("{FAE04EC0-301F-11D3-BF4B-00C04F79EFBC}") = "GUM.ViewModels", "GUM.EntityModels\GUM.ViewModels.csproj", "{7440B9F7-E2DB-455A-986F-54BDBFB2BA4B}"
EndProject
Project("{FAE04EC0-301F-11D3-BF4B-00C04F79EFBC}") = "GUM.Interfaces", "GUM.Interfaces\GUM.Interfaces.csproj", "{50F2CE8B-F962-4F4D-8283-658E03538C6E}"
EndProject
Global
	GlobalSection(SolutionConfigurationPlatforms) = preSolution
		Debug|Any CPU = Debug|Any CPU
		Release|Any CPU = Release|Any CPU
	EndGlobalSection
	GlobalSection(ProjectConfigurationPlatforms) = postSolution
		{263574B2-F2D2-4FF6-A9B1-774D0F70867D}.Debug|Any CPU.ActiveCfg = Debug|Any CPU
		{263574B2-F2D2-4FF6-A9B1-774D0F70867D}.Debug|Any CPU.Build.0 = Debug|Any CPU
		{263574B2-F2D2-4FF6-A9B1-774D0F70867D}.Release|Any CPU.ActiveCfg = Release|Any CPU
		{263574B2-F2D2-4FF6-A9B1-774D0F70867D}.Release|Any CPU.Build.0 = Release|Any CPU
		{DDDC2342-C102-4676-B840-9FD2120ED910}.Debug|Any CPU.ActiveCfg = Debug|Any CPU
		{DDDC2342-C102-4676-B840-9FD2120ED910}.Debug|Any CPU.Build.0 = Debug|Any CPU
		{DDDC2342-C102-4676-B840-9FD2120ED910}.Release|Any CPU.ActiveCfg = Release|Any CPU
		{DDDC2342-C102-4676-B840-9FD2120ED910}.Release|Any CPU.Build.0 = Release|Any CPU
		{D2C320C6-BA48-4AB3-9EFF-61465D53B9C1}.Debug|Any CPU.ActiveCfg = Debug|Any CPU
		{D2C320C6-BA48-4AB3-9EFF-61465D53B9C1}.Debug|Any CPU.Build.0 = Debug|Any CPU
		{D2C320C6-BA48-4AB3-9EFF-61465D53B9C1}.Release|Any CPU.ActiveCfg = Release|Any CPU
		{D2C320C6-BA48-4AB3-9EFF-61465D53B9C1}.Release|Any CPU.Build.0 = Release|Any CPU
		{7440B9F7-E2DB-455A-986F-54BDBFB2BA4B}.Debug|Any CPU.ActiveCfg = Debug|Any CPU
		{7440B9F7-E2DB-455A-986F-54BDBFB2BA4B}.Debug|Any CPU.Build.0 = Debug|Any CPU
		{7440B9F7-E2DB-455A-986F-54BDBFB2BA4B}.Release|Any CPU.ActiveCfg = Release|Any CPU
		{7440B9F7-E2DB-455A-986F-54BDBFB2BA4B}.Release|Any CPU.Build.0 = Release|Any CPU
		{50F2CE8B-F962-4F4D-8283-658E03538C6E}.Debug|Any CPU.ActiveCfg = Debug|Any CPU
		{50F2CE8B-F962-4F4D-8283-658E03538C6E}.Debug|Any CPU.Build.0 = Debug|Any CPU
		{50F2CE8B-F962-4F4D-8283-658E03538C6E}.Release|Any CPU.ActiveCfg = Release|Any CPU
		{50F2CE8B-F962-4F4D-8283-658E03538C6E}.Release|Any CPU.Build.0 = Release|Any CPU
	EndGlobalSection
	GlobalSection(SolutionProperties) = preSolution
		HideSolutionNode = FALSE
	EndGlobalSection
	GlobalSection(ExtensibilityGlobals) = postSolution
		SolutionGuid = {5518F35F-CA10-4E9A-87F8-5BDED3582773}
	EndGlobalSection
EndGlobal
